// !$*UTF8*$!
{
	archiveVersion = 1;
	classes = {
	};
	objectVersion = 56;
	objects = {

/* Begin PBXBuildFile section */
		5029AC6C29AF87BE00A095F3 /* StorageManager.swift in Sources */ = {isa = PBXBuildFile; fileRef = 5029AC6B29AF87BE00A095F3 /* StorageManager.swift */; };
		50E925A029E5A7EC00E9FF8D /* AllertController.swift in Sources */ = {isa = PBXBuildFile; fileRef = 50E9259F29E5A7EC00E9FF8D /* AllertController.swift */; };
		50ED2C5629ACFE0B00D4CA24 /* AppDelegate.swift in Sources */ = {isa = PBXBuildFile; fileRef = 50ED2C5529ACFE0B00D4CA24 /* AppDelegate.swift */; };
		50ED2C5829ACFE0B00D4CA24 /* SceneDelegate.swift in Sources */ = {isa = PBXBuildFile; fileRef = 50ED2C5729ACFE0B00D4CA24 /* SceneDelegate.swift */; };
		50ED2C5A29ACFE0B00D4CA24 /* TaskListViewController.swift in Sources */ = {isa = PBXBuildFile; fileRef = 50ED2C5929ACFE0B00D4CA24 /* TaskListViewController.swift */; };
		50ED2C6029ACFE0B00D4CA24 /* TaskListApp.xcdatamodeld in Sources */ = {isa = PBXBuildFile; fileRef = 50ED2C5E29ACFE0B00D4CA24 /* TaskListApp.xcdatamodeld */; };
		50ED2C6229ACFE0D00D4CA24 /* Assets.xcassets in Resources */ = {isa = PBXBuildFile; fileRef = 50ED2C6129ACFE0D00D4CA24 /* Assets.xcassets */; };
		50ED2C6529ACFE0D00D4CA24 /* LaunchScreen.storyboard in Resources */ = {isa = PBXBuildFile; fileRef = 50ED2C6329ACFE0D00D4CA24 /* LaunchScreen.storyboard */; };
/* End PBXBuildFile section */

/* Begin PBXFileReference section */
		5029AC6B29AF87BE00A095F3 /* StorageManager.swift */ = {isa = PBXFileReference; lastKnownFileType = sourcecode.swift; path = StorageManager.swift; sourceTree = "<group>"; };
		50E9259F29E5A7EC00E9FF8D /* AllertController.swift */ = {isa = PBXFileReference; lastKnownFileType = sourcecode.swift; path = AllertController.swift; sourceTree = "<group>"; };
		50ED2C5229ACFE0B00D4CA24 /* TaskListApp.app */ = {isa = PBXFileReference; explicitFileType = wrapper.application; includeInIndex = 0; path = TaskListApp.app; sourceTree = BUILT_PRODUCTS_DIR; };
		50ED2C5529ACFE0B00D4CA24 /* AppDelegate.swift */ = {isa = PBXFileReference; lastKnownFileType = sourcecode.swift; path = AppDelegate.swift; sourceTree = "<group>"; };
		50ED2C5729ACFE0B00D4CA24 /* SceneDelegate.swift */ = {isa = PBXFileReference; lastKnownFileType = sourcecode.swift; path = SceneDelegate.swift; sourceTree = "<group>"; };
		50ED2C5929ACFE0B00D4CA24 /* TaskListViewController.swift */ = {isa = PBXFileReference; lastKnownFileType = sourcecode.swift; path = TaskListViewController.swift; sourceTree = "<group>"; };
		50ED2C5F29ACFE0B00D4CA24 /* TaskListApp.xcdatamodel */ = {isa = PBXFileReference; lastKnownFileType = wrapper.xcdatamodel; path = TaskListApp.xcdatamodel; sourceTree = "<group>"; };
		50ED2C6129ACFE0D00D4CA24 /* Assets.xcassets */ = {isa = PBXFileReference; lastKnownFileType = folder.assetcatalog; path = Assets.xcassets; sourceTree = "<group>"; };
		50ED2C6429ACFE0D00D4CA24 /* Base */ = {isa = PBXFileReference; lastKnownFileType = file.storyboard; name = Base; path = Base.lproj/LaunchScreen.storyboard; sourceTree = "<group>"; };
		50ED2C6629ACFE0D00D4CA24 /* Info.plist */ = {isa = PBXFileReference; lastKnownFileType = text.plist.xml; path = Info.plist; sourceTree = "<group>"; };
/* End PBXFileReference section */

/* Begin PBXFrameworksBuildPhase section */
		50ED2C4F29ACFE0B00D4CA24 /* Frameworks */ = {
			isa = PBXFrameworksBuildPhase;
			buildActionMask = 2147483647;
			files = (
			);
			runOnlyForDeploymentPostprocessing = 0;
		};
/* End PBXFrameworksBuildPhase section */

/* Begin PBXGroup section */
		5029AC6729AF873900A095F3 /* Delegates */ = {
			isa = PBXGroup;
			children = (
				50ED2C5529ACFE0B00D4CA24 /* AppDelegate.swift */,
				50ED2C5729ACFE0B00D4CA24 /* SceneDelegate.swift */,
			);
			path = Delegates;
			sourceTree = "<group>";
		};
		5029AC6829AF875400A095F3 /* ViewControllers */ = {
			isa = PBXGroup;
			children = (
				50ED2C5929ACFE0B00D4CA24 /* TaskListViewController.swift */,
			);
			path = ViewControllers;
			sourceTree = "<group>";
		};
		5029AC6929AF877400A095F3 /* Storyboards */ = {
			isa = PBXGroup;
			children = (
				50ED2C6329ACFE0D00D4CA24 /* LaunchScreen.storyboard */,
			);
			path = Storyboards;
			sourceTree = "<group>";
		};
		5029AC6A29AF879600A095F3 /* Services */ = {
			isa = PBXGroup;
			children = (
				5029AC6B29AF87BE00A095F3 /* StorageManager.swift */,
				50E9259F29E5A7EC00E9FF8D /* AllertController.swift */,
			);
			path = Services;
			sourceTree = "<group>";
		};
		50ED2C4929ACFE0B00D4CA24 = {
			isa = PBXGroup;
			children = (
				50ED2C5429ACFE0B00D4CA24 /* TaskListApp */,
				50ED2C5329ACFE0B00D4CA24 /* Products */,
			);
			sourceTree = "<group>";
		};
		50ED2C5329ACFE0B00D4CA24 /* Products */ = {
			isa = PBXGroup;
			children = (
				50ED2C5229ACFE0B00D4CA24 /* TaskListApp.app */,
			);
			name = Products;
			sourceTree = "<group>";
		};
		50ED2C5429ACFE0B00D4CA24 /* TaskListApp */ = {
			isa = PBXGroup;
			children = (
				5029AC6A29AF879600A095F3 /* Services */,
				5029AC6929AF877400A095F3 /* Storyboards */,
				5029AC6829AF875400A095F3 /* ViewControllers */,
				5029AC6729AF873900A095F3 /* Delegates */,
				50ED2C6129ACFE0D00D4CA24 /* Assets.xcassets */,
				50ED2C6629ACFE0D00D4CA24 /* Info.plist */,
				50ED2C5E29ACFE0B00D4CA24 /* TaskListApp.xcdatamodeld */,
			);
			path = TaskListApp;
			sourceTree = "<group>";
		};
/* End PBXGroup section */

/* Begin PBXNativeTarget section */
		50ED2C5129ACFE0B00D4CA24 /* TaskListApp */ = {
			isa = PBXNativeTarget;
			buildConfigurationList = 50ED2C6929ACFE0D00D4CA24 /* Build configuration list for PBXNativeTarget "TaskListApp" */;
			buildPhases = (
				50ED2C4E29ACFE0B00D4CA24 /* Sources */,
				50ED2C4F29ACFE0B00D4CA24 /* Frameworks */,
				50ED2C5029ACFE0B00D4CA24 /* Resources */,
			);
			buildRules = (
			);
			dependencies = (
			);
			name = TaskListApp;
			productName = TaskListApp;
			productReference = 50ED2C5229ACFE0B00D4CA24 /* TaskListApp.app */;
			productType = "com.apple.product-type.application";
		};
/* End PBXNativeTarget section */

/* Begin PBXProject section */
		50ED2C4A29ACFE0B00D4CA24 /* Project object */ = {
			isa = PBXProject;
			attributes = {
				BuildIndependentTargetsInParallel = 1;
				LastSwiftUpdateCheck = 1420;
				LastUpgradeCheck = 1420;
				TargetAttributes = {
					50ED2C5129ACFE0B00D4CA24 = {
						CreatedOnToolsVersion = 14.2;
					};
				};
			};
			buildConfigurationList = 50ED2C4D29ACFE0B00D4CA24 /* Build configuration list for PBXProject "TaskListApp" */;
			compatibilityVersion = "Xcode 14.0";
			developmentRegion = en;
			hasScannedForEncodings = 0;
			knownRegions = (
				en,
				Base,
			);
			mainGroup = 50ED2C4929ACFE0B00D4CA24;
			productRefGroup = 50ED2C5329ACFE0B00D4CA24 /* Products */;
			projectDirPath = "";
			projectRoot = "";
			targets = (
				50ED2C5129ACFE0B00D4CA24 /* TaskListApp */,
			);
		};
/* End PBXProject section */

/* Begin PBXResourcesBuildPhase section */
		50ED2C5029ACFE0B00D4CA24 /* Resources */ = {
			isa = PBXResourcesBuildPhase;
			buildActionMask = 2147483647;
			files = (
				50ED2C6529ACFE0D00D4CA24 /* LaunchScreen.storyboard in Resources */,
				50ED2C6229ACFE0D00D4CA24 /* Assets.xcassets in Resources */,
			);
			runOnlyForDeploymentPostprocessing = 0;
		};
/* End PBXResourcesBuildPhase section */

/* Begin PBXSourcesBuildPhase section */
		50ED2C4E29ACFE0B00D4CA24 /* Sources */ = {
			isa = PBXSourcesBuildPhase;
			buildActionMask = 2147483647;
			files = (
				50ED2C6029ACFE0B00D4CA24 /* TaskListApp.xcdatamodeld in Sources */,
				50E925A029E5A7EC00E9FF8D /* AllertController.swift in Sources */,
				50ED2C5A29ACFE0B00D4CA24 /* TaskListViewController.swift in Sources */,
				5029AC6C29AF87BE00A095F3 /* StorageManager.swift in Sources */,
				50ED2C5629ACFE0B00D4CA24 /* AppDelegate.swift in Sources */,
				50ED2C5829ACFE0B00D4CA24 /* SceneDelegate.swift in Sources */,
			);
			runOnlyForDeploymentPostprocessing = 0;
		};
/* End PBXSourcesBuildPhase section */

/* Begin PBXVariantGroup section */
		50ED2C6329ACFE0D00D4CA24 /* LaunchScreen.storyboard */ = {
			isa = PBXVariantGroup;
			children = (
				50ED2C6429ACFE0D00D4CA24 /* Base */,
			);
			name = LaunchScreen.storyboard;
			sourceTree = "<group>";
		};
/* End PBXVariantGroup section */

/* Begin XCBuildConfiguration section */
		50ED2C6729ACFE0D00D4CA24 /* Debug */ = {
			isa = XCBuildConfiguration;
			buildSettings = {
				ALWAYS_SEARCH_USER_PATHS = NO;
				CLANG_ANALYZER_NONNULL = YES;
				CLANG_ANALYZER_NUMBER_OBJECT_CONVERSION = YES_AGGRESSIVE;
				CLANG_CXX_LANGUAGE_STANDARD = "gnu++20";
				CLANG_ENABLE_MODULES = YES;
				CLANG_ENABLE_OBJC_ARC = YES;
				CLANG_ENABLE_OBJC_WEAK = YES;
				CLANG_WARN_BLOCK_CAPTURE_AUTORELEASING = YES;
				CLANG_WARN_BOOL_CONVERSION = YES;
				CLANG_WARN_COMMA = YES;
				CLANG_WARN_CONSTANT_CONVERSION = YES;
				CLANG_WARN_DEPRECATED_OBJC_IMPLEMENTATIONS = YES;
				CLANG_WARN_DIRECT_OBJC_ISA_USAGE = YES_ERROR;
				CLANG_WARN_DOCUMENTATION_COMMENTS = YES;
				CLANG_WARN_EMPTY_BODY = YES;
				CLANG_WARN_ENUM_CONVERSION = YES;
				CLANG_WARN_INFINITE_RECURSION = YES;
				CLANG_WARN_INT_CONVERSION = YES;
				CLANG_WARN_NON_LITERAL_NULL_CONVERSION = YES;
				CLANG_WARN_OBJC_IMPLICIT_RETAIN_SELF = YES;
				CLANG_WARN_OBJC_LITERAL_CONVERSION = YES;
				CLANG_WARN_OBJC_ROOT_CLASS = YES_ERROR;
				CLANG_WARN_QUOTED_INCLUDE_IN_FRAMEWORK_HEADER = YES;
				CLANG_WARN_RANGE_LOOP_ANALYSIS = YES;
				CLANG_WARN_STRICT_PROTOTYPES = YES;
				CLANG_WARN_SUSPICIOUS_MOVE = YES;
				CLANG_WARN_UNGUARDED_AVAILABILITY = YES_AGGRESSIVE;
				CLANG_WARN_UNREACHABLE_CODE = YES;
				CLANG_WARN__DUPLICATE_METHOD_MATCH = YES;
				COPY_PHASE_STRIP = NO;
				DEBUG_INFORMATION_FORMAT = dwarf;
				ENABLE_STRICT_OBJC_MSGSEND = YES;
				ENABLE_TESTABILITY = YES;
				GCC_C_LANGUAGE_STANDARD = gnu11;
				GCC_DYNAMIC_NO_PIC = NO;
				GCC_NO_COMMON_BLOCKS = YES;
				GCC_OPTIMIZATION_LEVEL = 0;
				GCC_PREPROCESSOR_DEFINITIONS = (
					"DEBUG=1",
					"$(inherited)",
				);
				GCC_WARN_64_TO_32_BIT_CONVERSION = YES;
				GCC_WARN_ABOUT_RETURN_TYPE = YES_ERROR;
				GCC_WARN_UNDECLARED_SELECTOR = YES;
				GCC_WARN_UNINITIALIZED_AUTOS = YES_AGGRESSIVE;
				GCC_WARN_UNUSED_FUNCTION = YES;
				GCC_WARN_UNUSED_VARIABLE = YES;
				IPHONEOS_DEPLOYMENT_TARGET = 16.2;
				MTL_ENABLE_DEBUG_INFO = INCLUDE_SOURCE;
				MTL_FAST_MATH = YES;
				ONLY_ACTIVE_ARCH = YES;
				SDKROOT = iphoneos;
				SWIFT_ACTIVE_COMPILATION_CONDITIONS = DEBUG;
				SWIFT_OPTIMIZATION_LEVEL = "-Onone";
			};
			name = Debug;
		};
		50ED2C6829ACFE0D00D4CA24 /* Release */ = {
			isa = XCBuildConfiguration;
			buildSettings = {
				ALWAYS_SEARCH_USER_PATHS = NO;
				CLANG_ANALYZER_NONNULL = YES;
				CLANG_ANALYZER_NUMBER_OBJECT_CONVERSION = YES_AGGRESSIVE;
				CLANG_CXX_LANGUAGE_STANDARD = "gnu++20";
				CLANG_ENABLE_MODULES = YES;
				CLANG_ENABLE_OBJC_ARC = YES;
				CLANG_ENABLE_OBJC_WEAK = YES;
				CLANG_WARN_BLOCK_CAPTURE_AUTORELEASING = YES;
				CLANG_WARN_BOOL_CONVERSION = YES;
				CLANG_WARN_COMMA = YES;
				CLANG_WARN_CONSTANT_CONVERSION = YES;
				CLANG_WARN_DEPRECATED_OBJC_IMPLEMENTATIONS = YES;
				CLANG_WARN_DIRECT_OBJC_ISA_USAGE = YES_ERROR;
				CLANG_WARN_DOCUMENTATION_COMMENTS = YES;
				CLANG_WARN_EMPTY_BODY = YES;
				CLANG_WARN_ENUM_CONVERSION = YES;
				CLANG_WARN_INFINITE_RECURSION = YES;
				CLANG_WARN_INT_CONVERSION = YES;
				CLANG_WARN_NON_LITERAL_NULL_CONVERSION = YES;
				CLANG_WARN_OBJC_IMPLICIT_RETAIN_SELF = YES;
				CLANG_WARN_OBJC_LITERAL_CONVERSION = YES;
				CLANG_WARN_OBJC_ROOT_CLASS = YES_ERROR;
				CLANG_WARN_QUOTED_INCLUDE_IN_FRAMEWORK_HEADER = YES;
				CLANG_WARN_RANGE_LOOP_ANALYSIS = YES;
				CLANG_WARN_STRICT_PROTOTYPES = YES;
				CLANG_WARN_SUSPICIOUS_MOVE = YES;
				CLANG_WARN_UNGUARDED_AVAILABILITY = YES_AGGRESSIVE;
				CLANG_WARN_UNREACHABLE_CODE = YES;
				CLANG_WARN__DUPLICATE_METHOD_MATCH = YES;
				COPY_PHASE_STRIP = NO;
				DEBUG_INFORMATION_FORMAT = "dwarf-with-dsym";
				ENABLE_NS_ASSERTIONS = NO;
				ENABLE_STRICT_OBJC_MSGSEND = YES;
				GCC_C_LANGUAGE_STANDARD = gnu11;
				GCC_NO_COMMON_BLOCKS = YES;
				GCC_WARN_64_TO_32_BIT_CONVERSION = YES;
				GCC_WARN_ABOUT_RETURN_TYPE = YES_ERROR;
				GCC_WARN_UNDECLARED_SELECTOR = YES;
				GCC_WARN_UNINITIALIZED_AUTOS = YES_AGGRESSIVE;
				GCC_WARN_UNUSED_FUNCTION = YES;
				GCC_WARN_UNUSED_VARIABLE = YES;
				IPHONEOS_DEPLOYMENT_TARGET = 16.2;
				MTL_ENABLE_DEBUG_INFO = NO;
				MTL_FAST_MATH = YES;
				SDKROOT = iphoneos;
				SWIFT_COMPILATION_MODE = wholemodule;
				SWIFT_OPTIMIZATION_LEVEL = "-O";
				VALIDATE_PRODUCT = YES;
			};
			name = Release;
		};
		50ED2C6A29ACFE0D00D4CA24 /* Debug */ = {
			isa = XCBuildConfiguration;
			buildSettings = {
				ASSETCATALOG_COMPILER_APPICON_NAME = AppIcon;
				ASSETCATALOG_COMPILER_GLOBAL_ACCENT_COLOR_NAME = AccentColor;
				CODE_SIGN_STYLE = Automatic;
				CURRENT_PROJECT_VERSION = 1;
				DEVELOPMENT_TEAM = PT982DDMHZ;
				GENERATE_INFOPLIST_FILE = YES;
				INFOPLIST_FILE = TaskListApp/Info.plist;
				INFOPLIST_KEY_UIApplicationSupportsIndirectInputEvents = YES;
				INFOPLIST_KEY_UILaunchStoryboardName = LaunchScreen;
				INFOPLIST_KEY_UIMainStoryboardFile = "";
				INFOPLIST_KEY_UIStatusBarStyle = UIStatusBarStyleLightContent;
				INFOPLIST_KEY_UISupportedInterfaceOrientations_iPad = "UIInterfaceOrientationPortrait UIInterfaceOrientationPortraitUpsideDown UIInterfaceOrientationLandscapeLeft UIInterfaceOrientationLandscapeRight";
				INFOPLIST_KEY_UISupportedInterfaceOrientations_iPhone = "UIInterfaceOrientationPortrait UIInterfaceOrientationLandscapeLeft UIInterfaceOrientationLandscapeRight";
				LD_RUNPATH_SEARCH_PATHS = (
					"$(inherited)",
					"@executable_path/Frameworks",
				);
				MARKETING_VERSION = 1.0;
				PRODUCT_BUNDLE_IDENTIFIER = MPol.TaskListApp;
				PRODUCT_NAME = "$(TARGET_NAME)";
				SUPPORTED_PLATFORMS = "iphoneos iphonesimulator";
				SUPPORTS_MACCATALYST = NO;
				SUPPORTS_MAC_DESIGNED_FOR_IPHONE_IPAD = NO;
				SWIFT_EMIT_LOC_STRINGS = YES;
				SWIFT_VERSION = 5.0;
				TARGETED_DEVICE_FAMILY = 1;
			};
			name = Debug;
		};
		50ED2C6B29ACFE0D00D4CA24 /* Release */ = {
			isa = XCBuildConfiguration;
			buildSettings = {
				ASSETCATALOG_COMPILER_APPICON_NAME = AppIcon;
				ASSETCATALOG_COMPILER_GLOBAL_ACCENT_COLOR_NAME = AccentColor;
				CODE_SIGN_STYLE = Automatic;
				CURRENT_PROJECT_VERSION = 1;
				DEVELOPMENT_TEAM = PT982DDMHZ;
				GENERATE_INFOPLIST_FILE = YES;
				INFOPLIST_FILE = TaskListApp/Info.plist;
				INFOPLIST_KEY_UIApplicationSupportsIndirectInputEvents = YES;
				INFOPLIST_KEY_UILaunchStoryboardName = LaunchScreen;
				INFOPLIST_KEY_UIMainStoryboardFile = "";
				INFOPLIST_KEY_UIStatusBarStyle = UIStatusBarStyleLightContent;
				INFOPLIST_KEY_UISupportedInterfaceOrientations_iPad = "UIInterfaceOrientationPortrait UIInterfaceOrientationPortraitUpsideDown UIInterfaceOrientationLandscapeLeft UIInterfaceOrientationLandscapeRight";
				INFOPLIST_KEY_UISupportedInterfaceOrientations_iPhone = "UIInterfaceOrientationPortrait UIInterfaceOrientationLandscapeLeft UIInterfaceOrientationLandscapeRight";
				LD_RUNPATH_SEARCH_PATHS = (
					"$(inherited)",
					"@executable_path/Frameworks",
				);
				MARKETING_VERSION = 1.0;
				PRODUCT_BUNDLE_IDENTIFIER = MPol.TaskListApp;
				PRODUCT_NAME = "$(TARGET_NAME)";
				SUPPORTED_PLATFORMS = "iphoneos iphonesimulator";
				SUPPORTS_MACCATALYST = NO;
				SUPPORTS_MAC_DESIGNED_FOR_IPHONE_IPAD = NO;
				SWIFT_EMIT_LOC_STRINGS = YES;
				SWIFT_VERSION = 5.0;
				TARGETED_DEVICE_FAMILY = 1;
			};
			name = Release;
		};
/* End XCBuildConfiguration section */

/* Begin XCConfigurationList section */
		50ED2C4D29ACFE0B00D4CA24 /* Build configuration list for PBXProject "TaskListApp" */ = {
			isa = XCConfigurationList;
			buildConfigurations = (
				50ED2C6729ACFE0D00D4CA24 /* Debug */,
				50ED2C6829ACFE0D00D4CA24 /* Release */,
			);
			defaultConfigurationIsVisible = 0;
			defaultConfigurationName = Release;
		};
		50ED2C6929ACFE0D00D4CA24 /* Build configuration list for PBXNativeTarget "TaskListApp" */ = {
			isa = XCConfigurationList;
			buildConfigurations = (
				50ED2C6A29ACFE0D00D4CA24 /* Debug */,
				50ED2C6B29ACFE0D00D4CA24 /* Release */,
			);
			defaultConfigurationIsVisible = 0;
			defaultConfigurationName = Release;
		};
/* End XCConfigurationList section */

/* Begin XCVersionGroup section */
		50ED2C5E29ACFE0B00D4CA24 /* TaskListApp.xcdatamodeld */ = {
			isa = XCVersionGroup;
			children = (
				50ED2C5F29ACFE0B00D4CA24 /* TaskListApp.xcdatamodel */,
			);
			currentVersion = 50ED2C5F29ACFE0B00D4CA24 /* TaskListApp.xcdatamodel */;
			path = TaskListApp.xcdatamodeld;
			sourceTree = "<group>";
			versionGroupType = wrapper.xcdatamodel;
		};
/* End XCVersionGroup section */
	};
	rootObject = 50ED2C4A29ACFE0B00D4CA24 /* Project object */;
}
